{
    "guzzlehttp/psr7": {
        "version": "1.6.1"
    },
    "hoa/compiler": {
        "version": "3.17.08.08"
    },
    "hoa/consistency": {
        "version": "1.17.05.02"
    },
    "hoa/event": {
        "version": "1.17.01.13"
    },
    "hoa/exception": {
        "version": "1.17.01.16"
    },
    "hoa/file": {
        "version": "1.17.07.11"
    },
    "hoa/iterator": {
        "version": "2.17.01.10"
    },
    "hoa/math": {
        "version": "1.17.05.16"
    },
    "hoa/protocol": {
        "version": "1.17.01.14"
    },
    "hoa/regex": {
        "version": "1.17.01.13"
    },
    "hoa/stream": {
        "version": "1.17.02.21"
    },
    "hoa/ustring": {
        "version": "4.17.01.16"
    },
    "hoa/visitor": {
        "version": "2.17.01.16"
    },
    "hoa/zformat": {
        "version": "1.17.01.10"
    },
    "imagine/imagine": {
        "version": "1.2.3"
    },
    "jms/metadata": {
        "version": "2.1.0"
    },
    "jms/serializer": {
        "version": "3.6.0"
    },
    "jms/serializer-bundle": {
        "version": "3.0",
        "recipe": {
            "repo": "github.com/symfony/recipes-contrib",
            "branch": "master",
            "version": "3.0",
            "ref": "384cec52df45f3bfd46a09930d6960a58872b268"
        },
        "files": [
            "config/packages/dev/jms_serializer.yaml",
            "config/packages/jms_serializer.yaml",
            "config/packages/prod/jms_serializer.yaml"
        ]
    },
    "knplabs/gaufrette": {
        "version": "v0.9.0"
    },
    "kriswallsmith/buzz": {
        "version": "v0.16.1"
    },
    "php": {
        "version": "7.4"
    },
    "psr/http-message": {
        "version": "1.0.1"
    },
    "ralouphie/getallheaders": {
        "version": "3.0.3"
    },
    "sonata-project/classification-bundle": {
        "version": "3.7",
        "recipe": {
            "repo": "github.com/symfony/recipes-contrib",
            "branch": "master",
            "version": "3.7",
            "ref": "e79fbb2e8658677e5d5d9199db7d2735332c4b7d"
        },
        "files": [
            "config/packages/sonata_classification.yaml",
            "src/Entity/SonataClassificationCategory.php",
            "src/Entity/SonataClassificationCollection.php",
            "src/Entity/SonataClassificationContext.php",
            "src/Entity/SonataClassificationTag.php"
        ]
    },
    "sonata-project/media-bundle": {
        "version": "3.13",
        "recipe": {
            "repo": "github.com/symfony/recipes-contrib",
            "branch": "master",
            "version": "3.13",
            "ref": "e25412e53b20827db07abb6f2aa0b8e4d26c284c"
        },
        "files": [
            "config/packages/sonata_media.yaml",
            "config/routes/sonata_media.yaml",
            "public/upload/media/.gitignore"
        ]
    }
}
